
Microsoft Visual Studio Solution File, Format Version 12.00
# Visual Studio Version 16
VisualStudioVersion = 16.0.30907.101
MinimumVisualStudioVersion = 10.0.40219.1
Project("{9A19103F-16F7-4668-BE54-9A1E7A4F7556}") = "Choose_Your_Class", "Choose_Your_Class.csproj", "{E3FEFBE3-4AC6-4E7D-B8AF-6BE0BF1807A1}"
EndProject
Global
	GlobalSection(SolutionConfigurationPlatforms) = preSolution
		Debug|Any CPU = Debug|Any CPU
		Release|Any CPU = Release|Any CPU
	EndGlobalSection
	GlobalSection(ProjectConfigurationPlatforms) = postSolution
		{E3FEFBE3-4AC6-4E7D-B8AF-6BE0BF1807A1}.Debug|Any CPU.ActiveCfg = Debug|Any CPU
		{E3FEFBE3-4AC6-4E7D-B8AF-6BE0BF1807A1}.Debug|Any CPU.Build.0 = Debug|Any CPU
		{E3FEFBE3-4AC6-4E7D-B8AF-6BE0BF1807A1}.Release|Any CPU.ActiveCfg = Release|Any CPU
		{E3FEFBE3-4AC6-4E7D-B8AF-6BE0BF1807A1}.Release|Any CPU.Build.0 = Release|Any CPU
	EndGlobalSection
	GlobalSection(SolutionProperties) = preSolution
		HideSolutionNode = FALSE
	EndGlobalSection
	GlobalSection(ExtensibilityGlobals) = postSolution
		SolutionGuid = {D6299CF2-DA06-463C-A615-6CB6A695AD00}
	EndGlobalSection
EndGlobal
